
Microsoft Visual Studio Solution File, Format Version 12.00
# Visual Studio 15
VisualStudioVersion = 15.0.26730.16
MinimumVisualStudioVersion = 10.0.40219.1
Project("{FAE04EC0-301F-11D3-BF4B-00C04F79EFBC}") = "ArraysWork", "ArraysWork\ArraysWork.csproj", "{AD2227CF-ADDA-4976-A9B1-282243B63114}"
EndProject
Global
	GlobalSection(SolutionConfigurationPlatforms) = preSolution
		Debug|Any CPU = Debug|Any CPU
		Release|Any CPU = Release|Any CPU
	EndGlobalSection
	GlobalSection(ProjectConfigurationPlatforms) = postSolution
		{AD2227CF-ADDA-4976-A9B1-282243B63114}.Debug|Any CPU.ActiveCfg = Debug|Any CPU
		{AD2227CF-ADDA-4976-A9B1-282243B63114}.Debug|Any CPU.Build.0 = Debug|Any CPU
		{AD2227CF-ADDA-4976-A9B1-282243B63114}.Release|Any CPU.ActiveCfg = Release|Any CPU
		{AD2227CF-ADDA-4976-A9B1-282243B63114}.Release|Any CPU.Build.0 = Release|Any CPU
	EndGlobalSection
	GlobalSection(SolutionProperties) = preSolution
		HideSolutionNode = FALSE
	EndGlobalSection
	GlobalSection(ExtensibilityGlobals) = postSolution
		SolutionGuid = {4E6933DD-EA68-405A-A660-FFC1FFEEE773}
	EndGlobalSection
EndGlobal
